// !$*UTF8*$!
{
	archiveVersion = 1;
	classes = {
	};
	objectVersion = 55;
	objects = {

/* Begin PBXBuildFile section */
		CA2824802751E3EF0097488F /* AppDelegate.swift in Sources */ = {isa = PBXBuildFile; fileRef = CA28247F2751E3EF0097488F /* AppDelegate.swift */; };
		CA2824822751E3EF0097488F /* SceneDelegate.swift in Sources */ = {isa = PBXBuildFile; fileRef = CA2824812751E3EF0097488F /* SceneDelegate.swift */; };
		CA2824892751E3F00097488F /* Assets.xcassets in Resources */ = {isa = PBXBuildFile; fileRef = CA2824882751E3F00097488F /* Assets.xcassets */; };
		CA28248C2751E3F00097488F /* LaunchScreen.storyboard in Resources */ = {isa = PBXBuildFile; fileRef = CA28248A2751E3F00097488F /* LaunchScreen.storyboard */; };
		CA2824A12751E3F00097488F /* GBShopUITests.swift in Sources */ = {isa = PBXBuildFile; fileRef = CA2824A02751E3F00097488F /* GBShopUITests.swift */; };
		CA2824A32751E3F00097488F /* GBShopUITestsLaunchTests.swift in Sources */ = {isa = PBXBuildFile; fileRef = CA2824A22751E3F00097488F /* GBShopUITestsLaunchTests.swift */; };
		CA347ED7275771E2001BAEC1 /* Signup.swift in Sources */ = {isa = PBXBuildFile; fileRef = CA347ED6275771E2001BAEC1 /* Signup.swift */; };
		CA347ED92757DE63001BAEC1 /* ChangeUserDataResult.swift in Sources */ = {isa = PBXBuildFile; fileRef = CA347ED82757DE63001BAEC1 /* ChangeUserDataResult.swift */; };
		CA347EDB2757DEDE001BAEC1 /* ChangeUserDataRequestFactory.swift in Sources */ = {isa = PBXBuildFile; fileRef = CA347EDA2757DEDE001BAEC1 /* ChangeUserDataRequestFactory.swift */; };
		CA347EDD2757DF3A001BAEC1 /* ChangeUserData.swift in Sources */ = {isa = PBXBuildFile; fileRef = CA347EDC2757DF3A001BAEC1 /* ChangeUserData.swift */; };
		CA4E26CC276DE931006947A4 /* SignupViewController.swift in Sources */ = {isa = PBXBuildFile; fileRef = CA4E26CB276DE931006947A4 /* SignupViewController.swift */; };
		CA51E3CA277246D900CD2FFB /* Logger.swift in Sources */ = {isa = PBXBuildFile; fileRef = CA51E3C9277246D900CD2FFB /* Logger.swift */; };
		CA8498B42765B9E600F6EB08 /* DefaultResponse.swift in Sources */ = {isa = PBXBuildFile; fileRef = CA8498B32765B9E600F6EB08 /* DefaultResponse.swift */; };
		CA8498B62765BD0C00F6EB08 /* CatalogResponse.swift in Sources */ = {isa = PBXBuildFile; fileRef = CA8498B52765BD0C00F6EB08 /* CatalogResponse.swift */; };
		CA8498B82765C07300F6EB08 /* GoodResponse.swift in Sources */ = {isa = PBXBuildFile; fileRef = CA8498B72765C07300F6EB08 /* GoodResponse.swift */; };
		CA8498BA2765C64700F6EB08 /* ReviewResponse.swift in Sources */ = {isa = PBXBuildFile; fileRef = CA8498B92765C64700F6EB08 /* ReviewResponse.swift */; };
		CA8498BC2765C75900F6EB08 /* ReviewRequestFactory.swift in Sources */ = {isa = PBXBuildFile; fileRef = CA8498BB2765C75900F6EB08 /* ReviewRequestFactory.swift */; };
		CA8498BE2765C80D00F6EB08 /* Reviews.swift in Sources */ = {isa = PBXBuildFile; fileRef = CA8498BD2765C80D00F6EB08 /* Reviews.swift */; };
		CA8498C02765CC7200F6EB08 /* ReviewRequest.swift in Sources */ = {isa = PBXBuildFile; fileRef = CA8498BF2765CC7200F6EB08 /* ReviewRequest.swift */; };
		CA875849275B77E100C60E07 /* RequestsTests.swift in Sources */ = {isa = PBXBuildFile; fileRef = CA875848275B77E100C60E07 /* RequestsTests.swift */; };
		CA87584F275BDFD600C60E07 /* GetCatalogRequestFactory.swift in Sources */ = {isa = PBXBuildFile; fileRef = CA87584E275BDFD600C60E07 /* GetCatalogRequestFactory.swift */; };
		CA875851275BE19600C60E07 /* GetGoodRequestFactory.swift in Sources */ = {isa = PBXBuildFile; fileRef = CA875850275BE19600C60E07 /* GetGoodRequestFactory.swift */; };
		CA875853275BE1E500C60E07 /* GetCatalog.swift in Sources */ = {isa = PBXBuildFile; fileRef = CA875852275BE1E500C60E07 /* GetCatalog.swift */; };
		CA875855275BE35D00C60E07 /* GetGood.swift in Sources */ = {isa = PBXBuildFile; fileRef = CA875854275BE35D00C60E07 /* GetGood.swift */; };
		CA97005F276E53130042EE91 /* AuthViewController.swift in Sources */ = {isa = PBXBuildFile; fileRef = CA97005E276E53130042EE91 /* AuthViewController.swift */; };
		CA970061276E5B390042EE91 /* EditDataViewController.swift in Sources */ = {isa = PBXBuildFile; fileRef = CA970060276E5B390042EE91 /* EditDataViewController.swift */; };
		CA970063276E637F0042EE91 /* WelcomeScreenViewController.swift in Sources */ = {isa = PBXBuildFile; fileRef = CA970062276E637F0042EE91 /* WelcomeScreenViewController.swift */; };
		CA970065276E6A0D0042EE91 /* EditDataSuccessViewController.swift in Sources */ = {isa = PBXBuildFile; fileRef = CA970064276E6A0D0042EE91 /* EditDataSuccessViewController.swift */; };
		CAAD106A276F11CA007990E3 /* SignupSuccessViewController.swift in Sources */ = {isa = PBXBuildFile; fileRef = CAAD1069276F11CA007990E3 /* SignupSuccessViewController.swift */; };
		CAC77AE12769022F00FCA40C /* CartRequest.swift in Sources */ = {isa = PBXBuildFile; fileRef = CAC77AE02769022E00FCA40C /* CartRequest.swift */; };
		CAC77AE32769024900FCA40C /* CartResponse.swift in Sources */ = {isa = PBXBuildFile; fileRef = CAC77AE22769024900FCA40C /* CartResponse.swift */; };
		CAC77AE5276902AD00FCA40C /* CartRequestFactory.swift in Sources */ = {isa = PBXBuildFile; fileRef = CAC77AE4276902AD00FCA40C /* CartRequestFactory.swift */; };
		CAC77AE7276903FC00FCA40C /* Cart.swift in Sources */ = {isa = PBXBuildFile; fileRef = CAC77AE6276903FC00FCA40C /* Cart.swift */; };
		CAD23EC1275B3E9A00A7EFE0 /* ResponseCodableTests.swift in Sources */ = {isa = PBXBuildFile; fileRef = CAD23EC0275B3E9A00A7EFE0 /* ResponseCodableTests.swift */; };
		CAD485072757330D00F2D941 /* GBShop.storyboard in Resources */ = {isa = PBXBuildFile; fileRef = CAD485062757330D00F2D941 /* GBShop.storyboard */; };
		CAD485092757376F00F2D941 /* GBShopViewController.swift in Sources */ = {isa = PBXBuildFile; fileRef = CAD485082757376F00F2D941 /* GBShopViewController.swift */; };
		CAD4850C275743F600F2D941 /* AbstractErrorParser.swift in Sources */ = {isa = PBXBuildFile; fileRef = CAD4850B275743F600F2D941 /* AbstractErrorParser.swift */; };
		CAD4850F2757447600F2D941 /* Alamofire in Frameworks */ = {isa = PBXBuildFile; productRef = CAD4850E2757447600F2D941 /* Alamofire */; };
		CAD485112757480200F2D941 /* ErrorParser.swift in Sources */ = {isa = PBXBuildFile; fileRef = CAD485102757480100F2D941 /* ErrorParser.swift */; };
		CAD485132757482300F2D941 /* ResponseCodable.swift in Sources */ = {isa = PBXBuildFile; fileRef = CAD485122757482300F2D941 /* ResponseCodable.swift */; };
		CAD485152757485000F2D941 /* AbstractRequestFactory.swift in Sources */ = {isa = PBXBuildFile; fileRef = CAD485142757485000F2D941 /* AbstractRequestFactory.swift */; };
		CAD485172757487600F2D941 /* RequestRouter.swift in Sources */ = {isa = PBXBuildFile; fileRef = CAD485162757487600F2D941 /* RequestRouter.swift */; };
		CAD4851A2757492200F2D941 /* AuthRequestFactory.swift in Sources */ = {isa = PBXBuildFile; fileRef = CAD485192757492200F2D941 /* AuthRequestFactory.swift */; };
		CAD4851C2757494100F2D941 /* Auth.swift in Sources */ = {isa = PBXBuildFile; fileRef = CAD4851B2757494100F2D941 /* Auth.swift */; };
		CAD4851E2757494C00F2D941 /* RequestFactory.swift in Sources */ = {isa = PBXBuildFile; fileRef = CAD4851D2757494C00F2D941 /* RequestFactory.swift */; };
		CAD485222757499900F2D941 /* User.swift in Sources */ = {isa = PBXBuildFile; fileRef = CAD485212757499900F2D941 /* User.swift */; };
		CAD4852827576F1500F2D941 /* SignupRequestFactory.swift in Sources */ = {isa = PBXBuildFile; fileRef = CAD4852727576F1500F2D941 /* SignupRequestFactory.swift */; };
		CAE622F6277787CB0029601C /* CatalogTableViewController.swift in Sources */ = {isa = PBXBuildFile; fileRef = CAE622F5277787CB0029601C /* CatalogTableViewController.swift */; };
		CAE622F8277787E70029601C /* CatalogTableViewCell.swift in Sources */ = {isa = PBXBuildFile; fileRef = CAE622F7277787E70029601C /* CatalogTableViewCell.swift */; };
/* End PBXBuildFile section */

/* Begin PBXContainerItemProxy section */
		CA2824932751E3F00097488F /* PBXContainerItemProxy */ = {
			isa = PBXContainerItemProxy;
			containerPortal = CA2824742751E3EF0097488F /* Project object */;
			proxyType = 1;
			remoteGlobalIDString = CA28247B2751E3EF0097488F;
			remoteInfo = GBShop;
		};
		CA28249D2751E3F00097488F /* PBXContainerItemProxy */ = {
			isa = PBXContainerItemProxy;
			containerPortal = CA2824742751E3EF0097488F /* Project object */;
			proxyType = 1;
			remoteGlobalIDString = CA28247B2751E3EF0097488F;
			remoteInfo = GBShop;
		};
/* End PBXContainerItemProxy section */

/* Begin PBXFileReference section */
		CA28247C2751E3EF0097488F /* GBShop.app */ = {isa = PBXFileReference; explicitFileType = wrapper.application; includeInIndex = 0; path = GBShop.app; sourceTree = BUILT_PRODUCTS_DIR; };
		CA28247F2751E3EF0097488F /* AppDelegate.swift */ = {isa = PBXFileReference; lastKnownFileType = sourcecode.swift; path = AppDelegate.swift; sourceTree = "<group>"; };
		CA2824812751E3EF0097488F /* SceneDelegate.swift */ = {isa = PBXFileReference; lastKnownFileType = sourcecode.swift; path = SceneDelegate.swift; sourceTree = "<group>"; };
		CA2824882751E3F00097488F /* Assets.xcassets */ = {isa = PBXFileReference; lastKnownFileType = folder.assetcatalog; path = Assets.xcassets; sourceTree = "<group>"; };
		CA28248B2751E3F00097488F /* Base */ = {isa = PBXFileReference; lastKnownFileType = file.storyboard; name = Base; path = Base.lproj/LaunchScreen.storyboard; sourceTree = "<group>"; };
		CA28248D2751E3F00097488F /* Info.plist */ = {isa = PBXFileReference; lastKnownFileType = text.plist.xml; path = Info.plist; sourceTree = "<group>"; };
		CA2824922751E3F00097488F /* GBShopTests.xctest */ = {isa = PBXFileReference; explicitFileType = wrapper.cfbundle; includeInIndex = 0; path = GBShopTests.xctest; sourceTree = BUILT_PRODUCTS_DIR; };
		CA28249C2751E3F00097488F /* GBShopUITests.xctest */ = {isa = PBXFileReference; explicitFileType = wrapper.cfbundle; includeInIndex = 0; path = GBShopUITests.xctest; sourceTree = BUILT_PRODUCTS_DIR; };
		CA2824A02751E3F00097488F /* GBShopUITests.swift */ = {isa = PBXFileReference; lastKnownFileType = sourcecode.swift; path = GBShopUITests.swift; sourceTree = "<group>"; };
		CA2824A22751E3F00097488F /* GBShopUITestsLaunchTests.swift */ = {isa = PBXFileReference; lastKnownFileType = sourcecode.swift; path = GBShopUITestsLaunchTests.swift; sourceTree = "<group>"; };
		CA347ED6275771E2001BAEC1 /* Signup.swift */ = {isa = PBXFileReference; lastKnownFileType = sourcecode.swift; path = Signup.swift; sourceTree = "<group>"; };
		CA347ED82757DE63001BAEC1 /* ChangeUserDataResult.swift */ = {isa = PBXFileReference; lastKnownFileType = sourcecode.swift; path = ChangeUserDataResult.swift; sourceTree = "<group>"; };
		CA347EDA2757DEDE001BAEC1 /* ChangeUserDataRequestFactory.swift */ = {isa = PBXFileReference; lastKnownFileType = sourcecode.swift; path = ChangeUserDataRequestFactory.swift; sourceTree = "<group>"; };
		CA347EDC2757DF3A001BAEC1 /* ChangeUserData.swift */ = {isa = PBXFileReference; lastKnownFileType = sourcecode.swift; path = ChangeUserData.swift; sourceTree = "<group>"; };
		CA4E26CB276DE931006947A4 /* SignupViewController.swift */ = {isa = PBXFileReference; lastKnownFileType = sourcecode.swift; path = SignupViewController.swift; sourceTree = "<group>"; };
		CA51E3C9277246D900CD2FFB /* Logger.swift */ = {isa = PBXFileReference; lastKnownFileType = sourcecode.swift; path = Logger.swift; sourceTree = "<group>"; };
		CA8498B32765B9E600F6EB08 /* DefaultResponse.swift */ = {isa = PBXFileReference; lastKnownFileType = sourcecode.swift; path = DefaultResponse.swift; sourceTree = "<group>"; };
		CA8498B52765BD0C00F6EB08 /* CatalogResponse.swift */ = {isa = PBXFileReference; lastKnownFileType = sourcecode.swift; path = CatalogResponse.swift; sourceTree = "<group>"; };
		CA8498B72765C07300F6EB08 /* GoodResponse.swift */ = {isa = PBXFileReference; lastKnownFileType = sourcecode.swift; path = GoodResponse.swift; sourceTree = "<group>"; };
		CA8498B92765C64700F6EB08 /* ReviewResponse.swift */ = {isa = PBXFileReference; lastKnownFileType = sourcecode.swift; path = ReviewResponse.swift; sourceTree = "<group>"; };
		CA8498BB2765C75900F6EB08 /* ReviewRequestFactory.swift */ = {isa = PBXFileReference; lastKnownFileType = sourcecode.swift; path = ReviewRequestFactory.swift; sourceTree = "<group>"; };
		CA8498BD2765C80D00F6EB08 /* Reviews.swift */ = {isa = PBXFileReference; lastKnownFileType = sourcecode.swift; path = Reviews.swift; sourceTree = "<group>"; };
		CA8498BF2765CC7200F6EB08 /* ReviewRequest.swift */ = {isa = PBXFileReference; lastKnownFileType = sourcecode.swift; path = ReviewRequest.swift; sourceTree = "<group>"; };
		CA875848275B77E100C60E07 /* RequestsTests.swift */ = {isa = PBXFileReference; lastKnownFileType = sourcecode.swift; path = RequestsTests.swift; sourceTree = "<group>"; };
		CA87584E275BDFD600C60E07 /* GetCatalogRequestFactory.swift */ = {isa = PBXFileReference; lastKnownFileType = sourcecode.swift; path = GetCatalogRequestFactory.swift; sourceTree = "<group>"; };
		CA875850275BE19600C60E07 /* GetGoodRequestFactory.swift */ = {isa = PBXFileReference; lastKnownFileType = sourcecode.swift; path = GetGoodRequestFactory.swift; sourceTree = "<group>"; };
		CA875852275BE1E500C60E07 /* GetCatalog.swift */ = {isa = PBXFileReference; lastKnownFileType = sourcecode.swift; path = GetCatalog.swift; sourceTree = "<group>"; };
		CA875854275BE35D00C60E07 /* GetGood.swift */ = {isa = PBXFileReference; lastKnownFileType = sourcecode.swift; path = GetGood.swift; sourceTree = "<group>"; };
		CA97005E276E53130042EE91 /* AuthViewController.swift */ = {isa = PBXFileReference; lastKnownFileType = sourcecode.swift; path = AuthViewController.swift; sourceTree = "<group>"; };
		CA970060276E5B390042EE91 /* EditDataViewController.swift */ = {isa = PBXFileReference; lastKnownFileType = sourcecode.swift; path = EditDataViewController.swift; sourceTree = "<group>"; };
		CA970062276E637F0042EE91 /* WelcomeScreenViewController.swift */ = {isa = PBXFileReference; lastKnownFileType = sourcecode.swift; path = WelcomeScreenViewController.swift; sourceTree = "<group>"; };
		CA970064276E6A0D0042EE91 /* EditDataSuccessViewController.swift */ = {isa = PBXFileReference; lastKnownFileType = sourcecode.swift; path = EditDataSuccessViewController.swift; sourceTree = "<group>"; };
		CAAD1069276F11CA007990E3 /* SignupSuccessViewController.swift */ = {isa = PBXFileReference; lastKnownFileType = sourcecode.swift; path = SignupSuccessViewController.swift; sourceTree = "<group>"; };
		CAC77AE02769022E00FCA40C /* CartRequest.swift */ = {isa = PBXFileReference; lastKnownFileType = sourcecode.swift; path = CartRequest.swift; sourceTree = "<group>"; };
		CAC77AE22769024900FCA40C /* CartResponse.swift */ = {isa = PBXFileReference; lastKnownFileType = sourcecode.swift; path = CartResponse.swift; sourceTree = "<group>"; };
		CAC77AE4276902AD00FCA40C /* CartRequestFactory.swift */ = {isa = PBXFileReference; lastKnownFileType = sourcecode.swift; path = CartRequestFactory.swift; sourceTree = "<group>"; };
		CAC77AE6276903FC00FCA40C /* Cart.swift */ = {isa = PBXFileReference; lastKnownFileType = sourcecode.swift; path = Cart.swift; sourceTree = "<group>"; };
		CAD23EC0275B3E9A00A7EFE0 /* ResponseCodableTests.swift */ = {isa = PBXFileReference; lastKnownFileType = sourcecode.swift; path = ResponseCodableTests.swift; sourceTree = "<group>"; };
		CAD485062757330D00F2D941 /* GBShop.storyboard */ = {isa = PBXFileReference; lastKnownFileType = file.storyboard; path = GBShop.storyboard; sourceTree = "<group>"; };
		CAD485082757376F00F2D941 /* GBShopViewController.swift */ = {isa = PBXFileReference; lastKnownFileType = sourcecode.swift; path = GBShopViewController.swift; sourceTree = "<group>"; };
		CAD4850B275743F600F2D941 /* AbstractErrorParser.swift */ = {isa = PBXFileReference; lastKnownFileType = sourcecode.swift; path = AbstractErrorParser.swift; sourceTree = "<group>"; };
		CAD485102757480100F2D941 /* ErrorParser.swift */ = {isa = PBXFileReference; lastKnownFileType = sourcecode.swift; path = ErrorParser.swift; sourceTree = "<group>"; };
		CAD485122757482300F2D941 /* ResponseCodable.swift */ = {isa = PBXFileReference; lastKnownFileType = sourcecode.swift; path = ResponseCodable.swift; sourceTree = "<group>"; };
		CAD485142757485000F2D941 /* AbstractRequestFactory.swift */ = {isa = PBXFileReference; lastKnownFileType = sourcecode.swift; path = AbstractRequestFactory.swift; sourceTree = "<group>"; };
		CAD485162757487600F2D941 /* RequestRouter.swift */ = {isa = PBXFileReference; lastKnownFileType = sourcecode.swift; path = RequestRouter.swift; sourceTree = "<group>"; };
		CAD485192757492200F2D941 /* AuthRequestFactory.swift */ = {isa = PBXFileReference; lastKnownFileType = sourcecode.swift; path = AuthRequestFactory.swift; sourceTree = "<group>"; };
		CAD4851B2757494100F2D941 /* Auth.swift */ = {isa = PBXFileReference; lastKnownFileType = sourcecode.swift; path = Auth.swift; sourceTree = "<group>"; };
		CAD4851D2757494C00F2D941 /* RequestFactory.swift */ = {isa = PBXFileReference; lastKnownFileType = sourcecode.swift; path = RequestFactory.swift; sourceTree = "<group>"; };
		CAD485212757499900F2D941 /* User.swift */ = {isa = PBXFileReference; lastKnownFileType = sourcecode.swift; path = User.swift; sourceTree = "<group>"; };
		CAD4852727576F1500F2D941 /* SignupRequestFactory.swift */ = {isa = PBXFileReference; lastKnownFileType = sourcecode.swift; path = SignupRequestFactory.swift; sourceTree = "<group>"; };
		CAE622F5277787CB0029601C /* CatalogTableViewController.swift */ = {isa = PBXFileReference; lastKnownFileType = sourcecode.swift; path = CatalogTableViewController.swift; sourceTree = "<group>"; };
		CAE622F7277787E70029601C /* CatalogTableViewCell.swift */ = {isa = PBXFileReference; lastKnownFileType = sourcecode.swift; path = CatalogTableViewCell.swift; sourceTree = "<group>"; };
/* End PBXFileReference section */

/* Begin PBXFrameworksBuildPhase section */
		CA2824792751E3EF0097488F /* Frameworks */ = {
			isa = PBXFrameworksBuildPhase;
			buildActionMask = 2147483647;
			files = (
				CAD4850F2757447600F2D941 /* Alamofire in Frameworks */,
			);
			runOnlyForDeploymentPostprocessing = 0;
		};
		CA28248F2751E3F00097488F /* Frameworks */ = {
			isa = PBXFrameworksBuildPhase;
			buildActionMask = 2147483647;
			files = (
			);
			runOnlyForDeploymentPostprocessing = 0;
		};
		CA2824992751E3F00097488F /* Frameworks */ = {
			isa = PBXFrameworksBuildPhase;
			buildActionMask = 2147483647;
			files = (
			);
			runOnlyForDeploymentPostprocessing = 0;
		};
/* End PBXFrameworksBuildPhase section */

/* Begin PBXGroup section */
		CA2824732751E3EF0097488F = {
			isa = PBXGroup;
			children = (
				CA28247E2751E3EF0097488F /* GBShop */,
				CA2824952751E3F00097488F /* GBShopTests */,
				CA28249F2751E3F00097488F /* GBShopUITests */,
				CA28247D2751E3EF0097488F /* Products */,
			);
			sourceTree = "<group>";
		};
		CA28247D2751E3EF0097488F /* Products */ = {
			isa = PBXGroup;
			children = (
				CA28247C2751E3EF0097488F /* GBShop.app */,
				CA2824922751E3F00097488F /* GBShopTests.xctest */,
				CA28249C2751E3F00097488F /* GBShopUITests.xctest */,
			);
			name = Products;
			sourceTree = "<group>";
		};
		CA28247E2751E3EF0097488F /* GBShop */ = {
			isa = PBXGroup;
			children = (
				CAE4C8E42751F92A00D97D2B /* App */,
				CAE4C8E52751F93C00D97D2B /* Core */,
				CAE4C8E62751F94C00D97D2B /* Resources */,
				CAE4C8E72751F95F00D97D2B /* Environments */,
			);
			path = GBShop;
			sourceTree = "<group>";
		};
		CA2824952751E3F00097488F /* GBShopTests */ = {
			isa = PBXGroup;
			children = (
				CAD23EC0275B3E9A00A7EFE0 /* ResponseCodableTests.swift */,
				CA875848275B77E100C60E07 /* RequestsTests.swift */,
			);
			path = GBShopTests;
			sourceTree = "<group>";
		};
		CA28249F2751E3F00097488F /* GBShopUITests */ = {
			isa = PBXGroup;
			children = (
				CA2824A02751E3F00097488F /* GBShopUITests.swift */,
				CA2824A22751E3F00097488F /* GBShopUITestsLaunchTests.swift */,
			);
			path = GBShopUITests;
			sourceTree = "<group>";
		};
		CAD4850A275743C000F2D941 /* Network */ = {
			isa = PBXGroup;
			children = (
				CAD4850B275743F600F2D941 /* AbstractErrorParser.swift */,
				CAD485102757480100F2D941 /* ErrorParser.swift */,
				CAD485122757482300F2D941 /* ResponseCodable.swift */,
				CAD485142757485000F2D941 /* AbstractRequestFactory.swift */,
				CAD485162757487600F2D941 /* RequestRouter.swift */,
			);
			path = Network;
			sourceTree = "<group>";
		};
		CAD48518275748D000F2D941 /* Network */ = {
			isa = PBXGroup;
			children = (
				CAD485192757492200F2D941 /* AuthRequestFactory.swift */,
				CAD4852727576F1500F2D941 /* SignupRequestFactory.swift */,
				CA347EDA2757DEDE001BAEC1 /* ChangeUserDataRequestFactory.swift */,
				CA87584E275BDFD600C60E07 /* GetCatalogRequestFactory.swift */,
				CA8498BB2765C75900F6EB08 /* ReviewRequestFactory.swift */,
				CAC77AE4276902AD00FCA40C /* CartRequestFactory.swift */,
				CA875850275BE19600C60E07 /* GetGoodRequestFactory.swift */,
				CAD4851B2757494100F2D941 /* Auth.swift */,
				CA347ED6275771E2001BAEC1 /* Signup.swift */,
				CA347EDC2757DF3A001BAEC1 /* ChangeUserData.swift */,
				CA875852275BE1E500C60E07 /* GetCatalog.swift */,
				CA875854275BE35D00C60E07 /* GetGood.swift */,
				CA8498BD2765C80D00F6EB08 /* Reviews.swift */,
				CAC77AE6276903FC00FCA40C /* Cart.swift */,
				CAD4851D2757494C00F2D941 /* RequestFactory.swift */,
			);
			path = Network;
			sourceTree = "<group>";
		};
		CAE4C8E42751F92A00D97D2B /* App */ = {
			isa = PBXGroup;
			children = (
				CA28247F2751E3EF0097488F /* AppDelegate.swift */,
				CA2824812751E3EF0097488F /* SceneDelegate.swift */,
				CAE4C8E82751F97200D97D2B /* BusinessLogic */,
				CAE4C8E92751F97E00D97D2B /* Entity */,
				CAE4C8EA2751F98900D97D2B /* Assembly */,
				CAE4C8EB2751F99400D97D2B /* Flows */,
			);
			path = App;
			sourceTree = "<group>";
		};
		CAE4C8E52751F93C00D97D2B /* Core */ = {
			isa = PBXGroup;
			children = (
				CAD4850A275743C000F2D941 /* Network */,
				CA51E3C9277246D900CD2FFB /* Logger.swift */,
			);
			path = Core;
			sourceTree = "<group>";
		};
		CAE4C8E62751F94C00D97D2B /* Resources */ = {
			isa = PBXGroup;
			children = (
				CA2824882751E3F00097488F /* Assets.xcassets */,
				CA28248A2751E3F00097488F /* LaunchScreen.storyboard */,
			);
			path = Resources;
			sourceTree = "<group>";
		};
		CAE4C8E72751F95F00D97D2B /* Environments */ = {
			isa = PBXGroup;
			children = (
				CA28248D2751E3F00097488F /* Info.plist */,
			);
			path = Environments;
			sourceTree = "<group>";
		};
		CAE4C8E82751F97200D97D2B /* BusinessLogic */ = {
			isa = PBXGroup;
			children = (
				CAD48518275748D000F2D941 /* Network */,
			);
			path = BusinessLogic;
			sourceTree = "<group>";
		};
		CAE4C8E92751F97E00D97D2B /* Entity */ = {
			isa = PBXGroup;
			children = (
				CA8498B32765B9E600F6EB08 /* DefaultResponse.swift */,
				CAC77AE02769022E00FCA40C /* CartRequest.swift */,
				CAC77AE22769024900FCA40C /* CartResponse.swift */,
				CA8498B92765C64700F6EB08 /* ReviewResponse.swift */,
				CA8498BF2765CC7200F6EB08 /* ReviewRequest.swift */,
				CA8498B52765BD0C00F6EB08 /* CatalogResponse.swift */,
				CA8498B72765C07300F6EB08 /* GoodResponse.swift */,
				CA347ED82757DE63001BAEC1 /* ChangeUserDataResult.swift */,
				CAD485212757499900F2D941 /* User.swift */,
			);
			path = Entity;
			sourceTree = "<group>";
		};
		CAE4C8EA2751F98900D97D2B /* Assembly */ = {
			isa = PBXGroup;
			children = (
			);
			path = Assembly;
			sourceTree = "<group>";
		};
		CAE4C8EB2751F99400D97D2B /* Flows */ = {
			isa = PBXGroup;
			children = (
				CAD485062757330D00F2D941 /* GBShop.storyboard */,
				CAE622FB2777880C0029601C /* Auth */,
				CAE622FA277787FF0029601C /* Signup */,
				CAE622F9277787EE0029601C /* Catalog */,
				CAE622FD277788280029601C /* WelcomeScreen */,
				CAE622FC277788180029601C /* EditPersonalData */,
				CAD485082757376F00F2D941 /* GBShopViewController.swift */,
			);
			path = Flows;
			sourceTree = "<group>";
		};
		CAE622F9277787EE0029601C /* Catalog */ = {
			isa = PBXGroup;
			children = (
				CAE622F5277787CB0029601C /* CatalogTableViewController.swift */,
				CAE622F7277787E70029601C /* CatalogTableViewCell.swift */,
			);
			path = Catalog;
			sourceTree = "<group>";
		};
		CAE622FA277787FF0029601C /* Signup */ = {
			isa = PBXGroup;
			children = (
				CAAD1069276F11CA007990E3 /* SignupSuccessViewController.swift */,
				CA4E26CB276DE931006947A4 /* SignupViewController.swift */,
			);
			path = Signup;
			sourceTree = "<group>";
		};
		CAE622FB2777880C0029601C /* Auth */ = {
			isa = PBXGroup;
			children = (
				CA97005E276E53130042EE91 /* AuthViewController.swift */,
			);
			path = Auth;
			sourceTree = "<group>";
		};
		CAE622FC277788180029601C /* EditPersonalData */ = {
			isa = PBXGroup;
			children = (
				CA970064276E6A0D0042EE91 /* EditDataSuccessViewController.swift */,
				CA970060276E5B390042EE91 /* EditDataViewController.swift */,
			);
			path = EditPersonalData;
			sourceTree = "<group>";
		};
		CAE622FD277788280029601C /* WelcomeScreen */ = {
			isa = PBXGroup;
			children = (
				CA970062276E637F0042EE91 /* WelcomeScreenViewController.swift */,
			);
			path = WelcomeScreen;
			sourceTree = "<group>";
		};
/* End PBXGroup section */

/* Begin PBXNativeTarget section */
		CA28247B2751E3EF0097488F /* GBShop */ = {
			isa = PBXNativeTarget;
			buildConfigurationList = CA2824A62751E3F00097488F /* Build configuration list for PBXNativeTarget "GBShop" */;
			buildPhases = (
				CA2824782751E3EF0097488F /* Sources */,
				CA2824792751E3EF0097488F /* Frameworks */,
				CA28247A2751E3EF0097488F /* Resources */,
			);
			buildRules = (
			);
			dependencies = (
			);
			name = GBShop;
			packageProductDependencies = (
				CAD4850E2757447600F2D941 /* Alamofire */,
			);
			productName = GBShop;
			productReference = CA28247C2751E3EF0097488F /* GBShop.app */;
			productType = "com.apple.product-type.application";
		};
		CA2824912751E3F00097488F /* GBShopTests */ = {
			isa = PBXNativeTarget;
			buildConfigurationList = CA2824A92751E3F00097488F /* Build configuration list for PBXNativeTarget "GBShopTests" */;
			buildPhases = (
				CA28248E2751E3F00097488F /* Sources */,
				CA28248F2751E3F00097488F /* Frameworks */,
				CA2824902751E3F00097488F /* Resources */,
			);
			buildRules = (
			);
			dependencies = (
				CA2824942751E3F00097488F /* PBXTargetDependency */,
			);
			name = GBShopTests;
			productName = GBShopTests;
			productReference = CA2824922751E3F00097488F /* GBShopTests.xctest */;
			productType = "com.apple.product-type.bundle.unit-test";
		};
		CA28249B2751E3F00097488F /* GBShopUITests */ = {
			isa = PBXNativeTarget;
			buildConfigurationList = CA2824AC2751E3F00097488F /* Build configuration list for PBXNativeTarget "GBShopUITests" */;
			buildPhases = (
				CA2824982751E3F00097488F /* Sources */,
				CA2824992751E3F00097488F /* Frameworks */,
				CA28249A2751E3F00097488F /* Resources */,
			);
			buildRules = (
			);
			dependencies = (
				CA28249E2751E3F00097488F /* PBXTargetDependency */,
			);
			name = GBShopUITests;
			productName = GBShopUITests;
			productReference = CA28249C2751E3F00097488F /* GBShopUITests.xctest */;
			productType = "com.apple.product-type.bundle.ui-testing";
		};
/* End PBXNativeTarget section */

/* Begin PBXProject section */
		CA2824742751E3EF0097488F /* Project object */ = {
			isa = PBXProject;
			attributes = {
				BuildIndependentTargetsInParallel = 1;
				LastSwiftUpdateCheck = 1310;
				LastUpgradeCheck = 1310;
				TargetAttributes = {
					CA28247B2751E3EF0097488F = {
						CreatedOnToolsVersion = 13.1;
					};
					CA2824912751E3F00097488F = {
						CreatedOnToolsVersion = 13.1;
						TestTargetID = CA28247B2751E3EF0097488F;
					};
					CA28249B2751E3F00097488F = {
						CreatedOnToolsVersion = 13.1;
						TestTargetID = CA28247B2751E3EF0097488F;
					};
				};
			};
			buildConfigurationList = CA2824772751E3EF0097488F /* Build configuration list for PBXProject "GBShop" */;
			compatibilityVersion = "Xcode 13.0";
			developmentRegion = en;
			hasScannedForEncodings = 0;
			knownRegions = (
				en,
				Base,
			);
			mainGroup = CA2824732751E3EF0097488F;
			packageReferences = (
				CAD4850D2757447600F2D941 /* XCRemoteSwiftPackageReference "Alamofire" */,
			);
			productRefGroup = CA28247D2751E3EF0097488F /* Products */;
			projectDirPath = "";
			projectRoot = "";
			targets = (
				CA28247B2751E3EF0097488F /* GBShop */,
				CA2824912751E3F00097488F /* GBShopTests */,
				CA28249B2751E3F00097488F /* GBShopUITests */,
			);
		};
/* End PBXProject section */

/* Begin PBXResourcesBuildPhase section */
		CA28247A2751E3EF0097488F /* Resources */ = {
			isa = PBXResourcesBuildPhase;
			buildActionMask = 2147483647;
			files = (
				CAD485072757330D00F2D941 /* GBShop.storyboard in Resources */,
				CA28248C2751E3F00097488F /* LaunchScreen.storyboard in Resources */,
				CA2824892751E3F00097488F /* Assets.xcassets in Resources */,
			);
			runOnlyForDeploymentPostprocessing = 0;
		};
		CA2824902751E3F00097488F /* Resources */ = {
			isa = PBXResourcesBuildPhase;
			buildActionMask = 2147483647;
			files = (
			);
			runOnlyForDeploymentPostprocessing = 0;
		};
		CA28249A2751E3F00097488F /* Resources */ = {
			isa = PBXResourcesBuildPhase;
			buildActionMask = 2147483647;
			files = (
			);
			runOnlyForDeploymentPostprocessing = 0;
		};
/* End PBXResourcesBuildPhase section */

/* Begin PBXSourcesBuildPhase section */
		CA2824782751E3EF0097488F /* Sources */ = {
			isa = PBXSourcesBuildPhase;
			buildActionMask = 2147483647;
			files = (
				CA8498BC2765C75900F6EB08 /* ReviewRequestFactory.swift in Sources */,
				CAD485222757499900F2D941 /* User.swift in Sources */,
				CAD4851E2757494C00F2D941 /* RequestFactory.swift in Sources */,
				CA8498BA2765C64700F6EB08 /* ReviewResponse.swift in Sources */,
				CA8498B82765C07300F6EB08 /* GoodResponse.swift in Sources */,
				CA970063276E637F0042EE91 /* WelcomeScreenViewController.swift in Sources */,
				CAD485172757487600F2D941 /* RequestRouter.swift in Sources */,
				CAD485152757485000F2D941 /* AbstractRequestFactory.swift in Sources */,
				CA875855275BE35D00C60E07 /* GetGood.swift in Sources */,
				CA347EDD2757DF3A001BAEC1 /* ChangeUserData.swift in Sources */,
				CAE622F6277787CB0029601C /* CatalogTableViewController.swift in Sources */,
				CA875851275BE19600C60E07 /* GetGoodRequestFactory.swift in Sources */,
				CAC77AE5276902AD00FCA40C /* CartRequestFactory.swift in Sources */,
				CAD485112757480200F2D941 /* ErrorParser.swift in Sources */,
				CAD485132757482300F2D941 /* ResponseCodable.swift in Sources */,
				CA970065276E6A0D0042EE91 /* EditDataSuccessViewController.swift in Sources */,
				CA347ED7275771E2001BAEC1 /* Signup.swift in Sources */,
				CAAD106A276F11CA007990E3 /* SignupSuccessViewController.swift in Sources */,
				CA2824802751E3EF0097488F /* AppDelegate.swift in Sources */,
				CAC77AE7276903FC00FCA40C /* Cart.swift in Sources */,
				CA347EDB2757DEDE001BAEC1 /* ChangeUserDataRequestFactory.swift in Sources */,
				CA347ED92757DE63001BAEC1 /* ChangeUserDataResult.swift in Sources */,
				CA8498B62765BD0C00F6EB08 /* CatalogResponse.swift in Sources */,
				CA51E3CA277246D900CD2FFB /* Logger.swift in Sources */,
				CAE622F8277787E70029601C /* CatalogTableViewCell.swift in Sources */,
				CAD4851C2757494100F2D941 /* Auth.swift in Sources */,
				CAD4851A2757492200F2D941 /* AuthRequestFactory.swift in Sources */,
				CA875853275BE1E500C60E07 /* GetCatalog.swift in Sources */,
				CA970061276E5B390042EE91 /* EditDataViewController.swift in Sources */,
				CAD4852827576F1500F2D941 /* SignupRequestFactory.swift in Sources */,
				CA8498C02765CC7200F6EB08 /* ReviewRequest.swift in Sources */,
				CA4E26CC276DE931006947A4 /* SignupViewController.swift in Sources */,
				CAC77AE12769022F00FCA40C /* CartRequest.swift in Sources */,
				CA97005F276E53130042EE91 /* AuthViewController.swift in Sources */,
				CA8498B42765B9E600F6EB08 /* DefaultResponse.swift in Sources */,
				CAC77AE32769024900FCA40C /* CartResponse.swift in Sources */,
				CAD485092757376F00F2D941 /* GBShopViewController.swift in Sources */,
				CA8498BE2765C80D00F6EB08 /* Reviews.swift in Sources */,
				CA2824822751E3EF0097488F /* SceneDelegate.swift in Sources */,
				CAD4850C275743F600F2D941 /* AbstractErrorParser.swift in Sources */,
				CA87584F275BDFD600C60E07 /* GetCatalogRequestFactory.swift in Sources */,
			);
			runOnlyForDeploymentPostprocessing = 0;
		};
		CA28248E2751E3F00097488F /* Sources */ = {
			isa = PBXSourcesBuildPhase;
			buildActionMask = 2147483647;
			files = (
				CAD23EC1275B3E9A00A7EFE0 /* ResponseCodableTests.swift in Sources */,
				CA875849275B77E100C60E07 /* RequestsTests.swift in Sources */,
			);
			runOnlyForDeploymentPostprocessing = 0;
		};
		CA2824982751E3F00097488F /* Sources */ = {
			isa = PBXSourcesBuildPhase;
			buildActionMask = 2147483647;
			files = (
				CA2824A12751E3F00097488F /* GBShopUITests.swift in Sources */,
				CA2824A32751E3F00097488F /* GBShopUITestsLaunchTests.swift in Sources */,
			);
			runOnlyForDeploymentPostprocessing = 0;
		};
/* End PBXSourcesBuildPhase section */

/* Begin PBXTargetDependency section */
		CA2824942751E3F00097488F /* PBXTargetDependency */ = {
			isa = PBXTargetDependency;
			target = CA28247B2751E3EF0097488F /* GBShop */;
			targetProxy = CA2824932751E3F00097488F /* PBXContainerItemProxy */;
		};
		CA28249E2751E3F00097488F /* PBXTargetDependency */ = {
			isa = PBXTargetDependency;
			target = CA28247B2751E3EF0097488F /* GBShop */;
			targetProxy = CA28249D2751E3F00097488F /* PBXContainerItemProxy */;
		};
/* End PBXTargetDependency section */

/* Begin PBXVariantGroup section */
		CA28248A2751E3F00097488F /* LaunchScreen.storyboard */ = {
			isa = PBXVariantGroup;
			children = (
				CA28248B2751E3F00097488F /* Base */,
			);
			name = LaunchScreen.storyboard;
			sourceTree = "<group>";
		};
/* End PBXVariantGroup section */

/* Begin XCBuildConfiguration section */
		CA2824A42751E3F00097488F /* Debug */ = {
			isa = XCBuildConfiguration;
			buildSettings = {
				ALWAYS_SEARCH_USER_PATHS = NO;
				CLANG_ANALYZER_NONNULL = YES;
				CLANG_ANALYZER_NUMBER_OBJECT_CONVERSION = YES_AGGRESSIVE;
				CLANG_CXX_LANGUAGE_STANDARD = "gnu++17";
				CLANG_CXX_LIBRARY = "libc++";
				CLANG_ENABLE_MODULES = YES;
				CLANG_ENABLE_OBJC_ARC = YES;
				CLANG_ENABLE_OBJC_WEAK = YES;
				CLANG_WARN_BLOCK_CAPTURE_AUTORELEASING = YES;
				CLANG_WARN_BOOL_CONVERSION = YES;
				CLANG_WARN_COMMA = YES;
				CLANG_WARN_CONSTANT_CONVERSION = YES;
				CLANG_WARN_DEPRECATED_OBJC_IMPLEMENTATIONS = YES;
				CLANG_WARN_DIRECT_OBJC_ISA_USAGE = YES_ERROR;
				CLANG_WARN_DOCUMENTATION_COMMENTS = YES;
				CLANG_WARN_EMPTY_BODY = YES;
				CLANG_WARN_ENUM_CONVERSION = YES;
				CLANG_WARN_INFINITE_RECURSION = YES;
				CLANG_WARN_INT_CONVERSION = YES;
				CLANG_WARN_NON_LITERAL_NULL_CONVERSION = YES;
				CLANG_WARN_OBJC_IMPLICIT_RETAIN_SELF = YES;
				CLANG_WARN_OBJC_LITERAL_CONVERSION = YES;
				CLANG_WARN_OBJC_ROOT_CLASS = YES_ERROR;
				CLANG_WARN_QUOTED_INCLUDE_IN_FRAMEWORK_HEADER = YES;
				CLANG_WARN_RANGE_LOOP_ANALYSIS = YES;
				CLANG_WARN_STRICT_PROTOTYPES = YES;
				CLANG_WARN_SUSPICIOUS_MOVE = YES;
				CLANG_WARN_UNGUARDED_AVAILABILITY = YES_AGGRESSIVE;
				CLANG_WARN_UNREACHABLE_CODE = YES;
				CLANG_WARN__DUPLICATE_METHOD_MATCH = YES;
				COPY_PHASE_STRIP = NO;
				DEBUG_INFORMATION_FORMAT = dwarf;
				ENABLE_STRICT_OBJC_MSGSEND = YES;
				ENABLE_TESTABILITY = YES;
				GCC_C_LANGUAGE_STANDARD = gnu11;
				GCC_DYNAMIC_NO_PIC = NO;
				GCC_NO_COMMON_BLOCKS = YES;
				GCC_OPTIMIZATION_LEVEL = 0;
				GCC_PREPROCESSOR_DEFINITIONS = (
					"DEBUG=1",
					"$(inherited)",
				);
				GCC_WARN_64_TO_32_BIT_CONVERSION = YES;
				GCC_WARN_ABOUT_RETURN_TYPE = YES_ERROR;
				GCC_WARN_UNDECLARED_SELECTOR = YES;
				GCC_WARN_UNINITIALIZED_AUTOS = YES_AGGRESSIVE;
				GCC_WARN_UNUSED_FUNCTION = YES;
				GCC_WARN_UNUSED_VARIABLE = YES;
				IPHONEOS_DEPLOYMENT_TARGET = 13.0;
				MTL_ENABLE_DEBUG_INFO = INCLUDE_SOURCE;
				MTL_FAST_MATH = YES;
				ONLY_ACTIVE_ARCH = YES;
				SDKROOT = iphoneos;
				SWIFT_ACTIVE_COMPILATION_CONDITIONS = DEBUG;
				SWIFT_OPTIMIZATION_LEVEL = "-Onone";
			};
			name = Debug;
		};
		CA2824A52751E3F00097488F /* Release */ = {
			isa = XCBuildConfiguration;
			buildSettings = {
				ALWAYS_SEARCH_USER_PATHS = NO;
				CLANG_ANALYZER_NONNULL = YES;
				CLANG_ANALYZER_NUMBER_OBJECT_CONVERSION = YES_AGGRESSIVE;
				CLANG_CXX_LANGUAGE_STANDARD = "gnu++17";
				CLANG_CXX_LIBRARY = "libc++";
				CLANG_ENABLE_MODULES = YES;
				CLANG_ENABLE_OBJC_ARC = YES;
				CLANG_ENABLE_OBJC_WEAK = YES;
				CLANG_WARN_BLOCK_CAPTURE_AUTORELEASING = YES;
				CLANG_WARN_BOOL_CONVERSION = YES;
				CLANG_WARN_COMMA = YES;
				CLANG_WARN_CONSTANT_CONVERSION = YES;
				CLANG_WARN_DEPRECATED_OBJC_IMPLEMENTATIONS = YES;
				CLANG_WARN_DIRECT_OBJC_ISA_USAGE = YES_ERROR;
				CLANG_WARN_DOCUMENTATION_COMMENTS = YES;
				CLANG_WARN_EMPTY_BODY = YES;
				CLANG_WARN_ENUM_CONVERSION = YES;
				CLANG_WARN_INFINITE_RECURSION = YES;
				CLANG_WARN_INT_CONVERSION = YES;
				CLANG_WARN_NON_LITERAL_NULL_CONVERSION = YES;
				CLANG_WARN_OBJC_IMPLICIT_RETAIN_SELF = YES;
				CLANG_WARN_OBJC_LITERAL_CONVERSION = YES;
				CLANG_WARN_OBJC_ROOT_CLASS = YES_ERROR;
				CLANG_WARN_QUOTED_INCLUDE_IN_FRAMEWORK_HEADER = YES;
				CLANG_WARN_RANGE_LOOP_ANALYSIS = YES;
				CLANG_WARN_STRICT_PROTOTYPES = YES;
				CLANG_WARN_SUSPICIOUS_MOVE = YES;
				CLANG_WARN_UNGUARDED_AVAILABILITY = YES_AGGRESSIVE;
				CLANG_WARN_UNREACHABLE_CODE = YES;
				CLANG_WARN__DUPLICATE_METHOD_MATCH = YES;
				COPY_PHASE_STRIP = NO;
				DEBUG_INFORMATION_FORMAT = "dwarf-with-dsym";
				ENABLE_NS_ASSERTIONS = NO;
				ENABLE_STRICT_OBJC_MSGSEND = YES;
				GCC_C_LANGUAGE_STANDARD = gnu11;
				GCC_NO_COMMON_BLOCKS = YES;
				GCC_WARN_64_TO_32_BIT_CONVERSION = YES;
				GCC_WARN_ABOUT_RETURN_TYPE = YES_ERROR;
				GCC_WARN_UNDECLARED_SELECTOR = YES;
				GCC_WARN_UNINITIALIZED_AUTOS = YES_AGGRESSIVE;
				GCC_WARN_UNUSED_FUNCTION = YES;
				GCC_WARN_UNUSED_VARIABLE = YES;
				IPHONEOS_DEPLOYMENT_TARGET = 13.0;
				MTL_ENABLE_DEBUG_INFO = NO;
				MTL_FAST_MATH = YES;
				SDKROOT = iphoneos;
				SWIFT_COMPILATION_MODE = wholemodule;
				SWIFT_OPTIMIZATION_LEVEL = "-O";
				VALIDATE_PRODUCT = YES;
			};
			name = Release;
		};
		CA2824A72751E3F00097488F /* Debug */ = {
			isa = XCBuildConfiguration;
			buildSettings = {
				ASSETCATALOG_COMPILER_APPICON_NAME = AppIcon;
				ASSETCATALOG_COMPILER_GLOBAL_ACCENT_COLOR_NAME = AccentColor;
				CODE_SIGN_STYLE = Automatic;
				CURRENT_PROJECT_VERSION = 1;
				DEVELOPMENT_TEAM = 4NK62H99X6;
				GENERATE_INFOPLIST_FILE = YES;
				INFOPLIST_FILE = GBShop/Environments/Info.plist;
				INFOPLIST_KEY_UIApplicationSupportsIndirectInputEvents = YES;
				INFOPLIST_KEY_UILaunchStoryboardName = LaunchScreen;
				INFOPLIST_KEY_UIMainStoryboardFile = GBShop;
				INFOPLIST_KEY_UISupportedInterfaceOrientations = "UIInterfaceOrientationPortrait UIInterfaceOrientationPortraitUpsideDown";
				INFOPLIST_KEY_UISupportedInterfaceOrientations_iPad = "UIInterfaceOrientationPortrait UIInterfaceOrientationPortraitUpsideDown UIInterfaceOrientationLandscapeLeft UIInterfaceOrientationLandscapeRight";
				INFOPLIST_KEY_UISupportedInterfaceOrientations_iPhone = "UIInterfaceOrientationPortrait UIInterfaceOrientationLandscapeLeft UIInterfaceOrientationLandscapeRight";
				LD_RUNPATH_SEARCH_PATHS = (
					"$(inherited)",
					"@executable_path/Frameworks",
				);
				MARKETING_VERSION = 1.0;
				PRODUCT_BUNDLE_IDENTIFIER = com.jareksedy.GBShop;
				PRODUCT_NAME = "$(TARGET_NAME)";
				SWIFT_EMIT_LOC_STRINGS = YES;
				SWIFT_VERSION = 5.0;
				TARGETED_DEVICE_FAMILY = "1,2";
			};
			name = Debug;
		};
		CA2824A82751E3F00097488F /* Release */ = {
			isa = XCBuildConfiguration;
			buildSettings = {
				ASSETCATALOG_COMPILER_APPICON_NAME = AppIcon;
				ASSETCATALOG_COMPILER_GLOBAL_ACCENT_COLOR_NAME = AccentColor;
				CODE_SIGN_STYLE = Automatic;
				CURRENT_PROJECT_VERSION = 1;
				DEVELOPMENT_TEAM = 4NK62H99X6;
				GENERATE_INFOPLIST_FILE = YES;
				INFOPLIST_FILE = GBShop/Environments/Info.plist;
				INFOPLIST_KEY_UIApplicationSupportsIndirectInputEvents = YES;
				INFOPLIST_KEY_UILaunchStoryboardName = LaunchScreen;
				INFOPLIST_KEY_UIMainStoryboardFile = GBShop;
				INFOPLIST_KEY_UISupportedInterfaceOrientations = "UIInterfaceOrientationPortrait UIInterfaceOrientationPortraitUpsideDown";
				INFOPLIST_KEY_UISupportedInterfaceOrientations_iPad = "UIInterfaceOrientationPortrait UIInterfaceOrientationPortraitUpsideDown UIInterfaceOrientationLandscapeLeft UIInterfaceOrientationLandscapeRight";
				INFOPLIST_KEY_UISupportedInterfaceOrientations_iPhone = "UIInterfaceOrientationPortrait UIInterfaceOrientationLandscapeLeft UIInterfaceOrientationLandscapeRight";
				LD_RUNPATH_SEARCH_PATHS = (
					"$(inherited)",
					"@executable_path/Frameworks",
				);
				MARKETING_VERSION = 1.0;
				PRODUCT_BUNDLE_IDENTIFIER = com.jareksedy.GBShop;
				PRODUCT_NAME = "$(TARGET_NAME)";
				SWIFT_EMIT_LOC_STRINGS = YES;
				SWIFT_VERSION = 5.0;
				TARGETED_DEVICE_FAMILY = "1,2";
			};
			name = Release;
		};
		CA2824AA2751E3F00097488F /* Debug */ = {
			isa = XCBuildConfiguration;
			buildSettings = {
				ALWAYS_EMBED_SWIFT_STANDARD_LIBRARIES = YES;
				BUNDLE_LOADER = "$(TEST_HOST)";
				CODE_SIGN_STYLE = Automatic;
				CURRENT_PROJECT_VERSION = 1;
				DEVELOPMENT_TEAM = 4NK62H99X6;
				GENERATE_INFOPLIST_FILE = YES;
				IPHONEOS_DEPLOYMENT_TARGET = 15.0;
				LD_RUNPATH_SEARCH_PATHS = (
					"$(inherited)",
					"@executable_path/Frameworks",
					"@loader_path/Frameworks",
				);
				MARKETING_VERSION = 1.0;
				PRODUCT_BUNDLE_IDENTIFIER = com.jareksedy.GBShopTests;
				PRODUCT_NAME = "$(TARGET_NAME)";
				SWIFT_EMIT_LOC_STRINGS = NO;
				SWIFT_VERSION = 5.0;
				TARGETED_DEVICE_FAMILY = "1,2";
				TEST_HOST = "$(BUILT_PRODUCTS_DIR)/GBShop.app/GBShop";
			};
			name = Debug;
		};
		CA2824AB2751E3F00097488F /* Release */ = {
			isa = XCBuildConfiguration;
			buildSettings = {
				ALWAYS_EMBED_SWIFT_STANDARD_LIBRARIES = YES;
				BUNDLE_LOADER = "$(TEST_HOST)";
				CODE_SIGN_STYLE = Automatic;
				CURRENT_PROJECT_VERSION = 1;
				DEVELOPMENT_TEAM = 4NK62H99X6;
				GENERATE_INFOPLIST_FILE = YES;
				IPHONEOS_DEPLOYMENT_TARGET = 15.0;
				LD_RUNPATH_SEARCH_PATHS = (
					"$(inherited)",
					"@executable_path/Frameworks",
					"@loader_path/Frameworks",
				);
				MARKETING_VERSION = 1.0;
				PRODUCT_BUNDLE_IDENTIFIER = com.jareksedy.GBShopTests;
				PRODUCT_NAME = "$(TARGET_NAME)";
				SWIFT_EMIT_LOC_STRINGS = NO;
				SWIFT_VERSION = 5.0;
				TARGETED_DEVICE_FAMILY = "1,2";
				TEST_HOST = "$(BUILT_PRODUCTS_DIR)/GBShop.app/GBShop";
			};
			name = Release;
		};
		CA2824AD2751E3F00097488F /* Debug */ = {
			isa = XCBuildConfiguration;
			buildSettings = {
				ALWAYS_EMBED_SWIFT_STANDARD_LIBRARIES = YES;
				CODE_SIGN_STYLE = Automatic;
				CURRENT_PROJECT_VERSION = 1;
				DEVELOPMENT_TEAM = 4NK62H99X6;
				GENERATE_INFOPLIST_FILE = YES;
				LD_RUNPATH_SEARCH_PATHS = (
					"$(inherited)",
					"@executable_path/Frameworks",
					"@loader_path/Frameworks",
				);
				MARKETING_VERSION = 1.0;
				PRODUCT_BUNDLE_IDENTIFIER = com.jareksedy.GBShopUITests;
				PRODUCT_NAME = "$(TARGET_NAME)";
				SWIFT_EMIT_LOC_STRINGS = NO;
				SWIFT_VERSION = 5.0;
				TARGETED_DEVICE_FAMILY = "1,2";
				TEST_TARGET_NAME = GBShop;
			};
			name = Debug;
		};
		CA2824AE2751E3F00097488F /* Release */ = {
			isa = XCBuildConfiguration;
			buildSettings = {
				ALWAYS_EMBED_SWIFT_STANDARD_LIBRARIES = YES;
				CODE_SIGN_STYLE = Automatic;
				CURRENT_PROJECT_VERSION = 1;
				DEVELOPMENT_TEAM = 4NK62H99X6;
				GENERATE_INFOPLIST_FILE = YES;
				LD_RUNPATH_SEARCH_PATHS = (
					"$(inherited)",
					"@executable_path/Frameworks",
					"@loader_path/Frameworks",
				);
				MARKETING_VERSION = 1.0;
				PRODUCT_BUNDLE_IDENTIFIER = com.jareksedy.GBShopUITests;
				PRODUCT_NAME = "$(TARGET_NAME)";
				SWIFT_EMIT_LOC_STRINGS = NO;
				SWIFT_VERSION = 5.0;
				TARGETED_DEVICE_FAMILY = "1,2";
				TEST_TARGET_NAME = GBShop;
			};
			name = Release;
		};
/* End XCBuildConfiguration section */

/* Begin XCConfigurationList section */
		CA2824772751E3EF0097488F /* Build configuration list for PBXProject "GBShop" */ = {
			isa = XCConfigurationList;
			buildConfigurations = (
				CA2824A42751E3F00097488F /* Debug */,
				CA2824A52751E3F00097488F /* Release */,
			);
			defaultConfigurationIsVisible = 0;
			defaultConfigurationName = Release;
		};
		CA2824A62751E3F00097488F /* Build configuration list for PBXNativeTarget "GBShop" */ = {
			isa = XCConfigurationList;
			buildConfigurations = (
				CA2824A72751E3F00097488F /* Debug */,
				CA2824A82751E3F00097488F /* Release */,
			);
			defaultConfigurationIsVisible = 0;
			defaultConfigurationName = Release;
		};
		CA2824A92751E3F00097488F /* Build configuration list for PBXNativeTarget "GBShopTests" */ = {
			isa = XCConfigurationList;
			buildConfigurations = (
				CA2824AA2751E3F00097488F /* Debug */,
				CA2824AB2751E3F00097488F /* Release */,
			);
			defaultConfigurationIsVisible = 0;
			defaultConfigurationName = Release;
		};
		CA2824AC2751E3F00097488F /* Build configuration list for PBXNativeTarget "GBShopUITests" */ = {
			isa = XCConfigurationList;
			buildConfigurations = (
				CA2824AD2751E3F00097488F /* Debug */,
				CA2824AE2751E3F00097488F /* Release */,
			);
			defaultConfigurationIsVisible = 0;
			defaultConfigurationName = Release;
		};
/* End XCConfigurationList section */

/* Begin XCRemoteSwiftPackageReference section */
		CAD4850D2757447600F2D941 /* XCRemoteSwiftPackageReference "Alamofire" */ = {
			isa = XCRemoteSwiftPackageReference;
			repositoryURL = "https://github.com/Alamofire/Alamofire.git";
			requirement = {
				kind = upToNextMajorVersion;
				minimumVersion = 5.0.0;
			};
		};
/* End XCRemoteSwiftPackageReference section */

/* Begin XCSwiftPackageProductDependency section */
		CAD4850E2757447600F2D941 /* Alamofire */ = {
			isa = XCSwiftPackageProductDependency;
			package = CAD4850D2757447600F2D941 /* XCRemoteSwiftPackageReference "Alamofire" */;
			productName = Alamofire;
		};
/* End XCSwiftPackageProductDependency section */
	};
	rootObject = CA2824742751E3EF0097488F /* Project object */;
}
